
Microsoft Visual Studio Solution File, Format Version 12.00
# Visual Studio 15
VisualStudioVersion = 15.0.27004.2005
MinimumVisualStudioVersion = 10.0.40219.1
Project("{FAE04EC0-301F-11D3-BF4B-00C04F79EFBC}") = "1_Attributes", "1_Attributes\1_Attributes.csproj", "{D97EB0F7-12E3-41AA-8D55-B3D22F3D0F0A}"
EndProject
Project("{FAE04EC0-301F-11D3-BF4B-00C04F79EFBC}") = "2_Attributes", "2_Attributes\2_Attributes.csproj", "{33E47C0B-4827-445A-98C8-4165539D688C}"
EndProject
Project("{FAE04EC0-301F-11D3-BF4B-00C04F79EFBC}") = "3_Attributes", "3_Attributes\3_Attributes.csproj", "{320E88A2-8C7D-442A-BE47-BAF31E2C7449}"
EndProject
Project("{FAE04EC0-301F-11D3-BF4B-00C04F79EFBC}") = "4_Attributes", "4_Attributes\4_Attributes.csproj", "{E9A2CF06-D2F6-4947-B55A-815A55FD66CB}"
EndProject
Project("{FAE04EC0-301F-11D3-BF4B-00C04F79EFBC}") = "ConsoleAppCurency", "ConsoleAppCurency\ConsoleAppCurency.csproj", "{8B3AFFA7-3524-4843-A98C-1F2D02834D89}"
EndProject
Project("{FAE04EC0-301F-11D3-BF4B-00C04F79EFBC}") = "Exchange", "Exchange\Exchange.csproj", "{7D1E8309-68BC-409C-B6C3-8532165FA551}"
EndProject
Project("{FAE04EC0-301F-11D3-BF4B-00C04F79EFBC}") = "MoneyFramework", "MoneyFramework\MoneyFramework.csproj", "{DD660E83-E7CD-4C77-9676-ADA42DE5EFE0}"
EndProject
Project("{FAE04EC0-301F-11D3-BF4B-00C04F79EFBC}") = "WindowsFormsApp1", "WindowsFormsApp1\WindowsFormsApp1.csproj", "{D5BE1628-A6F3-4200-8D16-52A7FCDA4099}"
EndProject
Project("{FAE04EC0-301F-11D3-BF4B-00C04F79EFBC}") = "CbaTestApp_Soap", "CbaTestApp_Soap\CbaTestApp_Soap.csproj", "{E83287BD-FBA6-4AAB-AA02-67946573BE91}"
EndProject
Project("{FAE04EC0-301F-11D3-BF4B-00C04F79EFBC}") = "MicFramework", "MicFramework\MicFramework.csproj", "{CAE633D3-0D33-4DF4-8E9A-8E723DE23A0C}"
EndProject
Project("{FAE04EC0-301F-11D3-BF4B-00C04F79EFBC}") = "ConsoleApp_MiCFramework", "ConsoleApp_MiCFramework\ConsoleApp_MiCFramework.csproj", "{048EFD7B-6033-4C51-B5D7-DB4417B6B5A1}"
EndProject
Project("{FAE04EC0-301F-11D3-BF4B-00C04F79EFBC}") = "WindowsFormsApp2", "WindowsFormsApp2\WindowsFormsApp2.csproj", "{6CB0030B-8F7C-445C-9DEE-D9041B1B8BF7}"
EndProject
Global
	GlobalSection(SolutionConfigurationPlatforms) = preSolution
		Debug|Any CPU = Debug|Any CPU
		MicTest|Any CPU = MicTest|Any CPU
		Release|Any CPU = Release|Any CPU
	EndGlobalSection
	GlobalSection(ProjectConfigurationPlatforms) = postSolution
		{D97EB0F7-12E3-41AA-8D55-B3D22F3D0F0A}.Debug|Any CPU.ActiveCfg = Debug|Any CPU
		{D97EB0F7-12E3-41AA-8D55-B3D22F3D0F0A}.Debug|Any CPU.Build.0 = Debug|Any CPU
		{D97EB0F7-12E3-41AA-8D55-B3D22F3D0F0A}.MicTest|Any CPU.ActiveCfg = MicTest|Any CPU
		{D97EB0F7-12E3-41AA-8D55-B3D22F3D0F0A}.MicTest|Any CPU.Build.0 = MicTest|Any CPU
		{D97EB0F7-12E3-41AA-8D55-B3D22F3D0F0A}.Release|Any CPU.ActiveCfg = Release|Any CPU
		{D97EB0F7-12E3-41AA-8D55-B3D22F3D0F0A}.Release|Any CPU.Build.0 = Release|Any CPU
		{33E47C0B-4827-445A-98C8-4165539D688C}.Debug|Any CPU.ActiveCfg = Debug|Any CPU
		{33E47C0B-4827-445A-98C8-4165539D688C}.Debug|Any CPU.Build.0 = Debug|Any CPU
		{33E47C0B-4827-445A-98C8-4165539D688C}.MicTest|Any CPU.ActiveCfg = MicTest|Any CPU
		{33E47C0B-4827-445A-98C8-4165539D688C}.MicTest|Any CPU.Build.0 = MicTest|Any CPU
		{33E47C0B-4827-445A-98C8-4165539D688C}.Release|Any CPU.ActiveCfg = Release|Any CPU
		{33E47C0B-4827-445A-98C8-4165539D688C}.Release|Any CPU.Build.0 = Release|Any CPU
		{320E88A2-8C7D-442A-BE47-BAF31E2C7449}.Debug|Any CPU.ActiveCfg = Debug|Any CPU
		{320E88A2-8C7D-442A-BE47-BAF31E2C7449}.Debug|Any CPU.Build.0 = Debug|Any CPU
		{320E88A2-8C7D-442A-BE47-BAF31E2C7449}.MicTest|Any CPU.ActiveCfg = MicTest|Any CPU
		{320E88A2-8C7D-442A-BE47-BAF31E2C7449}.MicTest|Any CPU.Build.0 = MicTest|Any CPU
		{320E88A2-8C7D-442A-BE47-BAF31E2C7449}.Release|Any CPU.ActiveCfg = Release|Any CPU
		{320E88A2-8C7D-442A-BE47-BAF31E2C7449}.Release|Any CPU.Build.0 = Release|Any CPU
		{E9A2CF06-D2F6-4947-B55A-815A55FD66CB}.Debug|Any CPU.ActiveCfg = Debug|Any CPU
		{E9A2CF06-D2F6-4947-B55A-815A55FD66CB}.Debug|Any CPU.Build.0 = Debug|Any CPU
		{E9A2CF06-D2F6-4947-B55A-815A55FD66CB}.MicTest|Any CPU.ActiveCfg = MicTest|Any CPU
		{E9A2CF06-D2F6-4947-B55A-815A55FD66CB}.MicTest|Any CPU.Build.0 = MicTest|Any CPU
		{E9A2CF06-D2F6-4947-B55A-815A55FD66CB}.Release|Any CPU.ActiveCfg = Release|Any CPU
		{E9A2CF06-D2F6-4947-B55A-815A55FD66CB}.Release|Any CPU.Build.0 = Release|Any CPU
		{8B3AFFA7-3524-4843-A98C-1F2D02834D89}.Debug|Any CPU.ActiveCfg = Debug|Any CPU
		{8B3AFFA7-3524-4843-A98C-1F2D02834D89}.Debug|Any CPU.Build.0 = Debug|Any CPU
		{8B3AFFA7-3524-4843-A98C-1F2D02834D89}.MicTest|Any CPU.ActiveCfg = MicTest|Any CPU
		{8B3AFFA7-3524-4843-A98C-1F2D02834D89}.MicTest|Any CPU.Build.0 = MicTest|Any CPU
		{8B3AFFA7-3524-4843-A98C-1F2D02834D89}.Release|Any CPU.ActiveCfg = Release|Any CPU
		{8B3AFFA7-3524-4843-A98C-1F2D02834D89}.Release|Any CPU.Build.0 = Release|Any CPU
		{7D1E8309-68BC-409C-B6C3-8532165FA551}.Debug|Any CPU.ActiveCfg = Debug|Any CPU
		{7D1E8309-68BC-409C-B6C3-8532165FA551}.Debug|Any CPU.Build.0 = Debug|Any CPU
		{7D1E8309-68BC-409C-B6C3-8532165FA551}.MicTest|Any CPU.ActiveCfg = Release|Any CPU
		{7D1E8309-68BC-409C-B6C3-8532165FA551}.MicTest|Any CPU.Build.0 = Release|Any CPU
		{7D1E8309-68BC-409C-B6C3-8532165FA551}.Release|Any CPU.ActiveCfg = Release|Any CPU
		{7D1E8309-68BC-409C-B6C3-8532165FA551}.Release|Any CPU.Build.0 = Release|Any CPU
		{DD660E83-E7CD-4C77-9676-ADA42DE5EFE0}.Debug|Any CPU.ActiveCfg = Debug|Any CPU
		{DD660E83-E7CD-4C77-9676-ADA42DE5EFE0}.Debug|Any CPU.Build.0 = Debug|Any CPU
		{DD660E83-E7CD-4C77-9676-ADA42DE5EFE0}.MicTest|Any CPU.ActiveCfg = Release|Any CPU
		{DD660E83-E7CD-4C77-9676-ADA42DE5EFE0}.MicTest|Any CPU.Build.0 = Release|Any CPU
		{DD660E83-E7CD-4C77-9676-ADA42DE5EFE0}.Release|Any CPU.ActiveCfg = Release|Any CPU
		{DD660E83-E7CD-4C77-9676-ADA42DE5EFE0}.Release|Any CPU.Build.0 = Release|Any CPU
		{D5BE1628-A6F3-4200-8D16-52A7FCDA4099}.Debug|Any CPU.ActiveCfg = Debug|Any CPU
		{D5BE1628-A6F3-4200-8D16-52A7FCDA4099}.Debug|Any CPU.Build.0 = Debug|Any CPU
		{D5BE1628-A6F3-4200-8D16-52A7FCDA4099}.MicTest|Any CPU.ActiveCfg = Release|Any CPU
		{D5BE1628-A6F3-4200-8D16-52A7FCDA4099}.MicTest|Any CPU.Build.0 = Release|Any CPU
		{D5BE1628-A6F3-4200-8D16-52A7FCDA4099}.Release|Any CPU.ActiveCfg = Release|Any CPU
		{D5BE1628-A6F3-4200-8D16-52A7FCDA4099}.Release|Any CPU.Build.0 = Release|Any CPU
		{E83287BD-FBA6-4AAB-AA02-67946573BE91}.Debug|Any CPU.ActiveCfg = Debug|Any CPU
		{E83287BD-FBA6-4AAB-AA02-67946573BE91}.Debug|Any CPU.Build.0 = Debug|Any CPU
		{E83287BD-FBA6-4AAB-AA02-67946573BE91}.MicTest|Any CPU.ActiveCfg = Release|Any CPU
		{E83287BD-FBA6-4AAB-AA02-67946573BE91}.MicTest|Any CPU.Build.0 = Release|Any CPU
		{E83287BD-FBA6-4AAB-AA02-67946573BE91}.Release|Any CPU.ActiveCfg = Release|Any CPU
		{E83287BD-FBA6-4AAB-AA02-67946573BE91}.Release|Any CPU.Build.0 = Release|Any CPU
		{CAE633D3-0D33-4DF4-8E9A-8E723DE23A0C}.Debug|Any CPU.ActiveCfg = Debug|Any CPU
		{CAE633D3-0D33-4DF4-8E9A-8E723DE23A0C}.Debug|Any CPU.Build.0 = Debug|Any CPU
		{CAE633D3-0D33-4DF4-8E9A-8E723DE23A0C}.MicTest|Any CPU.ActiveCfg = Release|Any CPU
		{CAE633D3-0D33-4DF4-8E9A-8E723DE23A0C}.MicTest|Any CPU.Build.0 = Release|Any CPU
		{CAE633D3-0D33-4DF4-8E9A-8E723DE23A0C}.Release|Any CPU.ActiveCfg = Release|Any CPU
		{CAE633D3-0D33-4DF4-8E9A-8E723DE23A0C}.Release|Any CPU.Build.0 = Release|Any CPU
		{048EFD7B-6033-4C51-B5D7-DB4417B6B5A1}.Debug|Any CPU.ActiveCfg = Debug|Any CPU
		{048EFD7B-6033-4C51-B5D7-DB4417B6B5A1}.Debug|Any CPU.Build.0 = Debug|Any CPU
		{048EFD7B-6033-4C51-B5D7-DB4417B6B5A1}.MicTest|Any CPU.ActiveCfg = Release|Any CPU
		{048EFD7B-6033-4C51-B5D7-DB4417B6B5A1}.MicTest|Any CPU.Build.0 = Release|Any CPU
		{048EFD7B-6033-4C51-B5D7-DB4417B6B5A1}.Release|Any CPU.ActiveCfg = Release|Any CPU
		{048EFD7B-6033-4C51-B5D7-DB4417B6B5A1}.Release|Any CPU.Build.0 = Release|Any CPU
		{6CB0030B-8F7C-445C-9DEE-D9041B1B8BF7}.Debug|Any CPU.ActiveCfg = Debug|Any CPU
		{6CB0030B-8F7C-445C-9DEE-D9041B1B8BF7}.Debug|Any CPU.Build.0 = Debug|Any CPU
		{6CB0030B-8F7C-445C-9DEE-D9041B1B8BF7}.MicTest|Any CPU.ActiveCfg = Release|Any CPU
		{6CB0030B-8F7C-445C-9DEE-D9041B1B8BF7}.MicTest|Any CPU.Build.0 = Release|Any CPU
		{6CB0030B-8F7C-445C-9DEE-D9041B1B8BF7}.Release|Any CPU.ActiveCfg = Release|Any CPU
		{6CB0030B-8F7C-445C-9DEE-D9041B1B8BF7}.Release|Any CPU.Build.0 = Release|Any CPU
	EndGlobalSection
	GlobalSection(SolutionProperties) = preSolution
		HideSolutionNode = FALSE
	EndGlobalSection
	GlobalSection(ExtensibilityGlobals) = postSolution
		SolutionGuid = {F80B6A5B-63BC-49C3-8DA8-8ECABFC30821}
	EndGlobalSection
EndGlobal
